// !$*UTF8*$!
{
	archiveVersion = 1;
	classes = {
	};
	objectVersion = 48;
	objects = {

/* Begin PBXBuildFile section */
		476C502A7038AAB3D83A6DD7 /* Pods_CrossyLines.framework in Frameworks */ = {isa = PBXBuildFile; fileRef = E96D9AF101DF7DE3F43DA518 /* Pods_CrossyLines.framework */; };
		5A390EDA20A6CC6C004C764A /* StringExtensions.swift in Sources */ = {isa = PBXBuildFile; fileRef = 5A390ED920A6CC6C004C764A /* StringExtensions.swift */; };
		5A390EDD20A6D142004C764A /* Localizable.strings in Resources */ = {isa = PBXBuildFile; fileRef = 5A390EDF20A6D142004C764A /* Localizable.strings */; };
		5A39D432209EEBA50055E7B2 /* SettingsControllerDelegate.swift in Sources */ = {isa = PBXBuildFile; fileRef = 5A39D431209EEBA50055E7B2 /* SettingsControllerDelegate.swift */; };
		5A39D434209EF4630055E7B2 /* GraphJSONSerializer.swift in Sources */ = {isa = PBXBuildFile; fileRef = 5A39D433209EF4630055E7B2 /* GraphJSONSerializer.swift */; };
		5A3A5D77207F432E00208DAD /* NodeView.swift in Sources */ = {isa = PBXBuildFile; fileRef = 5A3A5D76207F432E00208DAD /* NodeView.swift */; };
		5A3A5D79207FE72B00208DAD /* GraphView.swift in Sources */ = {isa = PBXBuildFile; fileRef = 5A3A5D78207FE72B00208DAD /* GraphView.swift */; };
		5A3AACAA208B1DE00073530B /* UserSettings.swift in Sources */ = {isa = PBXBuildFile; fileRef = 5A3AACA9208B1DE00073530B /* UserSettings.swift */; };
		5A3AACAC208B27160073530B /* SettingsController.swift in Sources */ = {isa = PBXBuildFile; fileRef = 5A3AACAB208B27160073530B /* SettingsController.swift */; };
		5A3AACAE208B28F10073530B /* AnimatedStepperCell.xib in Resources */ = {isa = PBXBuildFile; fileRef = 5A3AACAD208B28F10073530B /* AnimatedStepperCell.xib */; };
		5A3AACB0208B29FB0073530B /* AnimatedStepperCell.swift in Sources */ = {isa = PBXBuildFile; fileRef = 5A3AACAF208B29FB0073530B /* AnimatedStepperCell.swift */; };
		5A3B0B482089CF4500543D63 /* NodeAnimation.swift in Sources */ = {isa = PBXBuildFile; fileRef = 5A3B0B472089CF4500543D63 /* NodeAnimation.swift */; };
		5A3B0B4A2089EA5800543D63 /* GraphViewDelegate.swift in Sources */ = {isa = PBXBuildFile; fileRef = 5A3B0B492089EA5800543D63 /* GraphViewDelegate.swift */; };
		5A3B277620888A89007F6895 /* Graph.swift in Sources */ = {isa = PBXBuildFile; fileRef = 5A3B277520888A89007F6895 /* Graph.swift */; };
		5A3C2AC1207DF08B00B9ED72 /* Node.swift in Sources */ = {isa = PBXBuildFile; fileRef = 5A3C2AC0207DF08B00B9ED72 /* Node.swift */; };
		5A3DB0CF207C9CDB000C8FF8 /* AppDelegate.swift in Sources */ = {isa = PBXBuildFile; fileRef = 5A3DB0CE207C9CDB000C8FF8 /* AppDelegate.swift */; };
		5A3DB0D1207C9CDB000C8FF8 /* ViewController.swift in Sources */ = {isa = PBXBuildFile; fileRef = 5A3DB0D0207C9CDB000C8FF8 /* ViewController.swift */; };
		5A3DB0D4207C9CDB000C8FF8 /* Main.storyboard in Resources */ = {isa = PBXBuildFile; fileRef = 5A3DB0D2207C9CDB000C8FF8 /* Main.storyboard */; };
		5A3DB0D6207C9CDB000C8FF8 /* Assets.xcassets in Resources */ = {isa = PBXBuildFile; fileRef = 5A3DB0D5207C9CDB000C8FF8 /* Assets.xcassets */; };
		5A3DB0D9207C9CDB000C8FF8 /* LaunchScreen.storyboard in Resources */ = {isa = PBXBuildFile; fileRef = 5A3DB0D7207C9CDB000C8FF8 /* LaunchScreen.storyboard */; };
/* End PBXBuildFile section */

/* Begin PBXFileReference section */
		3785292724AE82A251F447ED /* Pods-CrossyLines.debug.xcconfig */ = {isa = PBXFileReference; includeInIndex = 1; lastKnownFileType = text.xcconfig; name = "Pods-CrossyLines.debug.xcconfig"; path = "Pods/Target Support Files/Pods-CrossyLines/Pods-CrossyLines.debug.xcconfig"; sourceTree = "<group>"; };
		5A390ED720A6CC16004C764A /* zh-Hans */ = {isa = PBXFileReference; lastKnownFileType = text.plist.strings; name = "zh-Hans"; path = "zh-Hans.lproj/Main.strings"; sourceTree = "<group>"; };
		5A390ED820A6CC1E004C764A /* zh-Hant */ = {isa = PBXFileReference; lastKnownFileType = text.plist.strings; name = "zh-Hant"; path = "zh-Hant.lproj/Main.strings"; sourceTree = "<group>"; };
		5A390ED920A6CC6C004C764A /* StringExtensions.swift */ = {isa = PBXFileReference; lastKnownFileType = sourcecode.swift; path = StringExtensions.swift; sourceTree = "<group>"; };
		5A390EDE20A6D142004C764A /* zh-Hans */ = {isa = PBXFileReference; lastKnownFileType = text.plist.strings; name = "zh-Hans"; path = "zh-Hans.lproj/Localizable.strings"; sourceTree = "<group>"; };
		5A390EE020A6D147004C764A /* en */ = {isa = PBXFileReference; lastKnownFileType = text.plist.strings; name = en; path = en.lproj/Localizable.strings; sourceTree = "<group>"; };
		5A390EE120A6D149004C764A /* zh-Hant */ = {isa = PBXFileReference; lastKnownFileType = text.plist.strings; name = "zh-Hant"; path = "zh-Hant.lproj/Localizable.strings"; sourceTree = "<group>"; };
		5A39D431209EEBA50055E7B2 /* SettingsControllerDelegate.swift */ = {isa = PBXFileReference; lastKnownFileType = sourcecode.swift; path = SettingsControllerDelegate.swift; sourceTree = "<group>"; };
		5A39D433209EF4630055E7B2 /* GraphJSONSerializer.swift */ = {isa = PBXFileReference; lastKnownFileType = sourcecode.swift; path = GraphJSONSerializer.swift; sourceTree = "<group>"; };
		5A3A5D76207F432E00208DAD /* NodeView.swift */ = {isa = PBXFileReference; lastKnownFileType = sourcecode.swift; path = NodeView.swift; sourceTree = "<group>"; };
		5A3A5D78207FE72B00208DAD /* GraphView.swift */ = {isa = PBXFileReference; lastKnownFileType = sourcecode.swift; path = GraphView.swift; sourceTree = "<group>"; };
		5A3AACA9208B1DE00073530B /* UserSettings.swift */ = {isa = PBXFileReference; lastKnownFileType = sourcecode.swift; path = UserSettings.swift; sourceTree = "<group>"; };
		5A3AACAB208B27160073530B /* SettingsController.swift */ = {isa = PBXFileReference; lastKnownFileType = sourcecode.swift; path = SettingsController.swift; sourceTree = "<group>"; };
		5A3AACAD208B28F10073530B /* AnimatedStepperCell.xib */ = {isa = PBXFileReference; lastKnownFileType = file.xib; path = AnimatedStepperCell.xib; sourceTree = "<group>"; };
		5A3AACAF208B29FB0073530B /* AnimatedStepperCell.swift */ = {isa = PBXFileReference; lastKnownFileType = sourcecode.swift; path = AnimatedStepperCell.swift; sourceTree = "<group>"; };
		5A3B0B472089CF4500543D63 /* NodeAnimation.swift */ = {isa = PBXFileReference; lastKnownFileType = sourcecode.swift; path = NodeAnimation.swift; sourceTree = "<group>"; };
		5A3B0B492089EA5800543D63 /* GraphViewDelegate.swift */ = {isa = PBXFileReference; lastKnownFileType = sourcecode.swift; path = GraphViewDelegate.swift; sourceTree = "<group>"; };
		5A3B277520888A89007F6895 /* Graph.swift */ = {isa = PBXFileReference; lastKnownFileType = sourcecode.swift; path = Graph.swift; sourceTree = "<group>"; };
		5A3C2AC0207DF08B00B9ED72 /* Node.swift */ = {isa = PBXFileReference; lastKnownFileType = sourcecode.swift; path = Node.swift; sourceTree = "<group>"; };
		5A3DB0CB207C9CDB000C8FF8 /* CrossyLines.app */ = {isa = PBXFileReference; explicitFileType = wrapper.application; includeInIndex = 0; path = CrossyLines.app; sourceTree = BUILT_PRODUCTS_DIR; };
		5A3DB0CE207C9CDB000C8FF8 /* AppDelegate.swift */ = {isa = PBXFileReference; lastKnownFileType = sourcecode.swift; path = AppDelegate.swift; sourceTree = "<group>"; };
		5A3DB0D0207C9CDB000C8FF8 /* ViewController.swift */ = {isa = PBXFileReference; lastKnownFileType = sourcecode.swift; path = ViewController.swift; sourceTree = "<group>"; };
		5A3DB0D3207C9CDB000C8FF8 /* Base */ = {isa = PBXFileReference; lastKnownFileType = file.storyboard; name = Base; path = Base.lproj/Main.storyboard; sourceTree = "<group>"; };
		5A3DB0D5207C9CDB000C8FF8 /* Assets.xcassets */ = {isa = PBXFileReference; lastKnownFileType = folder.assetcatalog; path = Assets.xcassets; sourceTree = "<group>"; };
		5A3DB0D8207C9CDB000C8FF8 /* Base */ = {isa = PBXFileReference; lastKnownFileType = file.storyboard; name = Base; path = Base.lproj/LaunchScreen.storyboard; sourceTree = "<group>"; };
		5A3DB0DA207C9CDB000C8FF8 /* Info.plist */ = {isa = PBXFileReference; lastKnownFileType = text.plist.xml; path = Info.plist; sourceTree = "<group>"; };
		E96D9AF101DF7DE3F43DA518 /* Pods_CrossyLines.framework */ = {isa = PBXFileReference; explicitFileType = wrapper.framework; includeInIndex = 0; path = Pods_CrossyLines.framework; sourceTree = BUILT_PRODUCTS_DIR; };
		E9DA178421F557FE91A8574D /* Pods-CrossyLines.release.xcconfig */ = {isa = PBXFileReference; includeInIndex = 1; lastKnownFileType = text.xcconfig; name = "Pods-CrossyLines.release.xcconfig"; path = "Pods/Target Support Files/Pods-CrossyLines/Pods-CrossyLines.release.xcconfig"; sourceTree = "<group>"; };
/* End PBXFileReference section */

/* Begin PBXFrameworksBuildPhase section */
		5A3DB0C8207C9CDB000C8FF8 /* Frameworks */ = {
			isa = PBXFrameworksBuildPhase;
			buildActionMask = 2147483647;
			files = (
				476C502A7038AAB3D83A6DD7 /* Pods_CrossyLines.framework in Frameworks */,
			);
			runOnlyForDeploymentPostprocessing = 0;
		};
/* End PBXFrameworksBuildPhase section */

/* Begin PBXGroup section */
		1684FDCCDC57F5FE9959761B /* Pods */ = {
			isa = PBXGroup;
			children = (
				3785292724AE82A251F447ED /* Pods-CrossyLines.debug.xcconfig */,
				E9DA178421F557FE91A8574D /* Pods-CrossyLines.release.xcconfig */,
			);
			name = Pods;
			sourceTree = "<group>";
		};
		5A3DB0C2207C9CDB000C8FF8 = {
			isa = PBXGroup;
			children = (
				5A3DB0CD207C9CDB000C8FF8 /* CrossyLines */,
				5A3DB0CC207C9CDB000C8FF8 /* Products */,
				1684FDCCDC57F5FE9959761B /* Pods */,
				B59AD0C1FA8BE808CE2961C6 /* Frameworks */,
			);
			sourceTree = "<group>";
		};
		5A3DB0CC207C9CDB000C8FF8 /* Products */ = {
			isa = PBXGroup;
			children = (
				5A3DB0CB207C9CDB000C8FF8 /* CrossyLines.app */,
			);
			name = Products;
			sourceTree = "<group>";
		};
		5A3DB0CD207C9CDB000C8FF8 /* CrossyLines */ = {
			isa = PBXGroup;
			children = (
				5A3DB0CE207C9CDB000C8FF8 /* AppDelegate.swift */,
				5A3DB0D0207C9CDB000C8FF8 /* ViewController.swift */,
				5A3AACAB208B27160073530B /* SettingsController.swift */,
				5A3DB0D2207C9CDB000C8FF8 /* Main.storyboard */,
				5A3C2AC0207DF08B00B9ED72 /* Node.swift */,
				5A3B277520888A89007F6895 /* Graph.swift */,
				5A3B0B472089CF4500543D63 /* NodeAnimation.swift */,
				5A3AACA9208B1DE00073530B /* UserSettings.swift */,
				5A39D433209EF4630055E7B2 /* GraphJSONSerializer.swift */,
				5A390ED920A6CC6C004C764A /* StringExtensions.swift */,
				5A3A5D76207F432E00208DAD /* NodeView.swift */,
				5A3A5D78207FE72B00208DAD /* GraphView.swift */,
				5A3AACAF208B29FB0073530B /* AnimatedStepperCell.swift */,
				5A3AACAD208B28F10073530B /* AnimatedStepperCell.xib */,
				5A3B0B492089EA5800543D63 /* GraphViewDelegate.swift */,
				5A39D431209EEBA50055E7B2 /* SettingsControllerDelegate.swift */,
				5A3DB0D5207C9CDB000C8FF8 /* Assets.xcassets */,
				5A3DB0D7207C9CDB000C8FF8 /* LaunchScreen.storyboard */,
				5A3DB0DA207C9CDB000C8FF8 /* Info.plist */,
				5A390EDF20A6D142004C764A /* Localizable.strings */,
			);
			path = CrossyLines;
			sourceTree = "<group>";
		};
		B59AD0C1FA8BE808CE2961C6 /* Frameworks */ = {
			isa = PBXGroup;
			children = (
				E96D9AF101DF7DE3F43DA518 /* Pods_CrossyLines.framework */,
			);
			name = Frameworks;
			sourceTree = "<group>";
		};
/* End PBXGroup section */

/* Begin PBXNativeTarget section */
		5A3DB0CA207C9CDB000C8FF8 /* CrossyLines */ = {
			isa = PBXNativeTarget;
			buildConfigurationList = 5A3DB0DD207C9CDB000C8FF8 /* Build configuration list for PBXNativeTarget "CrossyLines" */;
			buildPhases = (
				3FF7046D05EC3032BF4AFD3B /* [CP] Check Pods Manifest.lock */,
				5A3DB0C7207C9CDB000C8FF8 /* Sources */,
				5A3DB0C8207C9CDB000C8FF8 /* Frameworks */,
				5A3DB0C9207C9CDB000C8FF8 /* Resources */,
				67CDA26EC627351C61B84CB4 /* [CP] Embed Pods Frameworks */,
				18C126FE5BBA8E069612A1DF /* [CP] Copy Pods Resources */,
			);
			buildRules = (
			);
			dependencies = (
			);
			name = CrossyLines;
			productName = CrossyLines;
			productReference = 5A3DB0CB207C9CDB000C8FF8 /* CrossyLines.app */;
			productType = "com.apple.product-type.application";
		};
/* End PBXNativeTarget section */

/* Begin PBXProject section */
		5A3DB0C3207C9CDB000C8FF8 /* Project object */ = {
			isa = PBXProject;
			attributes = {
				LastSwiftUpdateCheck = 0920;
				LastUpgradeCheck = 0920;
				ORGANIZATIONNAME = "Mulang Su";
				TargetAttributes = {
					5A3DB0CA207C9CDB000C8FF8 = {
						CreatedOnToolsVersion = 9.2;
						ProvisioningStyle = Automatic;
					};
				};
			};
			buildConfigurationList = 5A3DB0C6207C9CDB000C8FF8 /* Build configuration list for PBXProject "CrossyLines" */;
			compatibilityVersion = "Xcode 8.0";
			developmentRegion = en;
			hasScannedForEncodings = 0;
			knownRegions = (
				en,
				Base,
				"zh-Hant",
			);
			mainGroup = 5A3DB0C2207C9CDB000C8FF8;
			productRefGroup = 5A3DB0CC207C9CDB000C8FF8 /* Products */;
			projectDirPath = "";
			projectRoot = "";
			targets = (
				5A3DB0CA207C9CDB000C8FF8 /* CrossyLines */,
			);
		};
/* End PBXProject section */

/* Begin PBXResourcesBuildPhase section */
		5A3DB0C9207C9CDB000C8FF8 /* Resources */ = {
			isa = PBXResourcesBuildPhase;
			buildActionMask = 2147483647;
			files = (
				5A390EDD20A6D142004C764A /* Localizable.strings in Resources */,
				5A3AACAE208B28F10073530B /* AnimatedStepperCell.xib in Resources */,
				5A3DB0D9207C9CDB000C8FF8 /* LaunchScreen.storyboard in Resources */,
				5A3DB0D6207C9CDB000C8FF8 /* Assets.xcassets in Resources */,
				5A3DB0D4207C9CDB000C8FF8 /* Main.storyboard in Resources */,
			);
			runOnlyForDeploymentPostprocessing = 0;
		};
/* End PBXResourcesBuildPhase section */

/* Begin PBXShellScriptBuildPhase section */
		18C126FE5BBA8E069612A1DF /* [CP] Copy Pods Resources */ = {
			isa = PBXShellScriptBuildPhase;
			buildActionMask = 2147483647;
			files = (
			);
			inputPaths = (
			);
			name = "[CP] Copy Pods Resources";
			outputPaths = (
			);
			runOnlyForDeploymentPostprocessing = 0;
			shellPath = /bin/sh;
			shellScript = "\"${SRCROOT}/Pods/Target Support Files/Pods-CrossyLines/Pods-CrossyLines-resources.sh\"\n";
			showEnvVarsInLog = 0;
		};
		3FF7046D05EC3032BF4AFD3B /* [CP] Check Pods Manifest.lock */ = {
			isa = PBXShellScriptBuildPhase;
			buildActionMask = 2147483647;
			files = (
			);
			inputPaths = (
				"${PODS_PODFILE_DIR_PATH}/Podfile.lock",
				"${PODS_ROOT}/Manifest.lock",
			);
			name = "[CP] Check Pods Manifest.lock";
			outputPaths = (
				"$(DERIVED_FILE_DIR)/Pods-CrossyLines-checkManifestLockResult.txt",
			);
			runOnlyForDeploymentPostprocessing = 0;
			shellPath = /bin/sh;
			shellScript = "diff \"${PODS_PODFILE_DIR_PATH}/Podfile.lock\" \"${PODS_ROOT}/Manifest.lock\" > /dev/null\nif [ $? != 0 ] ; then\n    # print error to STDERR\n    echo \"error: The sandbox is not in sync with the Podfile.lock. Run 'pod install' or update your CocoaPods installation.\" >&2\n    exit 1\nfi\n# This output is used by Xcode 'outputs' to avoid re-running this script phase.\necho \"SUCCESS\" > \"${SCRIPT_OUTPUT_FILE_0}\"\n";
			showEnvVarsInLog = 0;
		};
		67CDA26EC627351C61B84CB4 /* [CP] Embed Pods Frameworks */ = {
			isa = PBXShellScriptBuildPhase;
			buildActionMask = 2147483647;
			files = (
			);
			inputPaths = (
				"${SRCROOT}/Pods/Target Support Files/Pods-CrossyLines/Pods-CrossyLines-frameworks.sh",
				"${BUILT_PRODUCTS_DIR}/CircleMenu/CircleMenu.framework",
				"${BUILT_PRODUCTS_DIR}/Eureka/Eureka.framework",
				"${BUILT_PRODUCTS_DIR}/Kamishibai/Kamishibai.framework",
				"${BUILT_PRODUCTS_DIR}/MYBlurIntroductionView/MYBlurIntroductionView.framework",
				"${BUILT_PRODUCTS_DIR}/NYXImagesKit/NYXImagesKit.framework",
				"${BUILT_PRODUCTS_DIR}/SCLAlertView-Objective-C/SCLAlertView_Objective_C.framework",
				"${BUILT_PRODUCTS_DIR}/Stepperier/Stepperier.framework",
				"${BUILT_PRODUCTS_DIR}/SwiftRandom/SwiftRandom.framework",
				"${BUILT_PRODUCTS_DIR}/SwiftyJSON/SwiftyJSON.framework",
				"${BUILT_PRODUCTS_DIR}/SwiftyUtils/SwiftyUtils.framework",
				"${BUILT_PRODUCTS_DIR}/UIView+draggable/UIView_draggable.framework",
			);
			name = "[CP] Embed Pods Frameworks";
			outputPaths = (
				"${TARGET_BUILD_DIR}/${FRAMEWORKS_FOLDER_PATH}/CircleMenu.framework",
				"${TARGET_BUILD_DIR}/${FRAMEWORKS_FOLDER_PATH}/Eureka.framework",
				"${TARGET_BUILD_DIR}/${FRAMEWORKS_FOLDER_PATH}/Kamishibai.framework",
				"${TARGET_BUILD_DIR}/${FRAMEWORKS_FOLDER_PATH}/MYBlurIntroductionView.framework",
				"${TARGET_BUILD_DIR}/${FRAMEWORKS_FOLDER_PATH}/NYXImagesKit.framework",
				"${TARGET_BUILD_DIR}/${FRAMEWORKS_FOLDER_PATH}/SCLAlertView_Objective_C.framework",
				"${TARGET_BUILD_DIR}/${FRAMEWORKS_FOLDER_PATH}/Stepperier.framework",
				"${TARGET_BUILD_DIR}/${FRAMEWORKS_FOLDER_PATH}/SwiftRandom.framework",
				"${TARGET_BUILD_DIR}/${FRAMEWORKS_FOLDER_PATH}/SwiftyJSON.framework",
				"${TARGET_BUILD_DIR}/${FRAMEWORKS_FOLDER_PATH}/SwiftyUtils.framework",
				"${TARGET_BUILD_DIR}/${FRAMEWORKS_FOLDER_PATH}/UIView_draggable.framework",
			);
			runOnlyForDeploymentPostprocessing = 0;
			shellPath = /bin/sh;
			shellScript = "\"${SRCROOT}/Pods/Target Support Files/Pods-CrossyLines/Pods-CrossyLines-frameworks.sh\"\n";
			showEnvVarsInLog = 0;
		};
/* End PBXShellScriptBuildPhase section */

/* Begin PBXSourcesBuildPhase section */
		5A3DB0C7207C9CDB000C8FF8 /* Sources */ = {
			isa = PBXSourcesBuildPhase;
			buildActionMask = 2147483647;
			files = (
				5A39D434209EF4630055E7B2 /* GraphJSONSerializer.swift in Sources */,
				5A3B277620888A89007F6895 /* Graph.swift in Sources */,
				5A3A5D79207FE72B00208DAD /* GraphView.swift in Sources */,
				5A3B0B4A2089EA5800543D63 /* GraphViewDelegate.swift in Sources */,
				5A3C2AC1207DF08B00B9ED72 /* Node.swift in Sources */,
				5A3AACAA208B1DE00073530B /* UserSettings.swift in Sources */,
				5A39D432209EEBA50055E7B2 /* SettingsControllerDelegate.swift in Sources */,
				5A3DB0D1207C9CDB000C8FF8 /* ViewController.swift in Sources */,
				5A3AACAC208B27160073530B /* SettingsController.swift in Sources */,
				5A3AACB0208B29FB0073530B /* AnimatedStepperCell.swift in Sources */,
				5A3B0B482089CF4500543D63 /* NodeAnimation.swift in Sources */,
				5A390EDA20A6CC6C004C764A /* StringExtensions.swift in Sources */,
				5A3A5D77207F432E00208DAD /* NodeView.swift in Sources */,
				5A3DB0CF207C9CDB000C8FF8 /* AppDelegate.swift in Sources */,
			);
			runOnlyForDeploymentPostprocessing = 0;
		};
/* End PBXSourcesBuildPhase section */

/* Begin PBXVariantGroup section */
		5A390EDF20A6D142004C764A /* Localizable.strings */ = {
			isa = PBXVariantGroup;
			children = (
				5A390EDE20A6D142004C764A /* zh-Hans */,
				5A390EE020A6D147004C764A /* en */,
				5A390EE120A6D149004C764A /* zh-Hant */,
			);
			name = Localizable.strings;
			sourceTree = "<group>";
		};
		5A3DB0D2207C9CDB000C8FF8 /* Main.storyboard */ = {
			isa = PBXVariantGroup;
			children = (
				5A3DB0D3207C9CDB000C8FF8 /* Base */,
				5A390ED720A6CC16004C764A /* zh-Hans */,
				5A390ED820A6CC1E004C764A /* zh-Hant */,
			);
			name = Main.storyboard;
			sourceTree = "<group>";
		};
		5A3DB0D7207C9CDB000C8FF8 /* LaunchScreen.storyboard */ = {
			isa = PBXVariantGroup;
			children = (
				5A3DB0D8207C9CDB000C8FF8 /* Base */,
			);
			name = LaunchScreen.storyboard;
			sourceTree = "<group>";
		};
/* End PBXVariantGroup section */

/* Begin XCBuildConfiguration section */
		5A3DB0DB207C9CDB000C8FF8 /* Debug */ = {
			isa = XCBuildConfiguration;
			buildSettings = {
				ALWAYS_SEARCH_USER_PATHS = NO;
				CLANG_ANALYZER_LOCALIZABILITY_NONLOCALIZED = YES;
				CLANG_ANALYZER_NONNULL = YES;
				CLANG_ANALYZER_NUMBER_OBJECT_CONVERSION = YES_AGGRESSIVE;
				CLANG_CXX_LANGUAGE_STANDARD = "gnu++14";
				CLANG_CXX_LIBRARY = "libc++";
				CLANG_ENABLE_MODULES = YES;
				CLANG_ENABLE_OBJC_ARC = YES;
				CLANG_WARN_BLOCK_CAPTURE_AUTORELEASING = YES;
				CLANG_WARN_BOOL_CONVERSION = YES;
				CLANG_WARN_COMMA = YES;
				CLANG_WARN_CONSTANT_CONVERSION = YES;
				CLANG_WARN_DIRECT_OBJC_ISA_USAGE = YES_ERROR;
				CLANG_WARN_DOCUMENTATION_COMMENTS = YES;
				CLANG_WARN_EMPTY_BODY = YES;
				CLANG_WARN_ENUM_CONVERSION = YES;
				CLANG_WARN_INFINITE_RECURSION = YES;
				CLANG_WARN_INT_CONVERSION = YES;
				CLANG_WARN_NON_LITERAL_NULL_CONVERSION = YES;
				CLANG_WARN_OBJC_LITERAL_CONVERSION = YES;
				CLANG_WARN_OBJC_ROOT_CLASS = YES_ERROR;
				CLANG_WARN_RANGE_LOOP_ANALYSIS = YES;
				CLANG_WARN_STRICT_PROTOTYPES = YES;
				CLANG_WARN_SUSPICIOUS_MOVE = YES;
				CLANG_WARN_UNGUARDED_AVAILABILITY = YES_AGGRESSIVE;
				CLANG_WARN_UNREACHABLE_CODE = YES;
				CLANG_WARN__DUPLICATE_METHOD_MATCH = YES;
				CODE_SIGN_IDENTITY = "iPhone Developer";
				COPY_PHASE_STRIP = NO;
				DEBUG_INFORMATION_FORMAT = dwarf;
				ENABLE_STRICT_OBJC_MSGSEND = YES;
				ENABLE_TESTABILITY = YES;
				GCC_C_LANGUAGE_STANDARD = gnu11;
				GCC_DYNAMIC_NO_PIC = NO;
				GCC_NO_COMMON_BLOCKS = YES;
				GCC_OPTIMIZATION_LEVEL = 0;
				GCC_PREPROCESSOR_DEFINITIONS = (
					"DEBUG=1",
					"$(inherited)",
				);
				GCC_WARN_64_TO_32_BIT_CONVERSION = YES;
				GCC_WARN_ABOUT_RETURN_TYPE = YES_ERROR;
				GCC_WARN_UNDECLARED_SELECTOR = YES;
				GCC_WARN_UNINITIALIZED_AUTOS = YES_AGGRESSIVE;
				GCC_WARN_UNUSED_FUNCTION = YES;
				GCC_WARN_UNUSED_VARIABLE = YES;
				IPHONEOS_DEPLOYMENT_TARGET = 11.2;
				MTL_ENABLE_DEBUG_INFO = YES;
				ONLY_ACTIVE_ARCH = YES;
				SDKROOT = iphoneos;
				SWIFT_ACTIVE_COMPILATION_CONDITIONS = DEBUG;
				SWIFT_OPTIMIZATION_LEVEL = "-Onone";
			};
			name = Debug;
		};
		5A3DB0DC207C9CDB000C8FF8 /* Release */ = {
			isa = XCBuildConfiguration;
			buildSettings = {
				ALWAYS_SEARCH_USER_PATHS = NO;
				CLANG_ANALYZER_LOCALIZABILITY_NONLOCALIZED = YES;
				CLANG_ANALYZER_NONNULL = YES;
				CLANG_ANALYZER_NUMBER_OBJECT_CONVERSION = YES_AGGRESSIVE;
				CLANG_CXX_LANGUAGE_STANDARD = "gnu++14";
				CLANG_CXX_LIBRARY = "libc++";
				CLANG_ENABLE_MODULES = YES;
				CLANG_ENABLE_OBJC_ARC = YES;
				CLANG_WARN_BLOCK_CAPTURE_AUTORELEASING = YES;
				CLANG_WARN_BOOL_CONVERSION = YES;
				CLANG_WARN_COMMA = YES;
				CLANG_WARN_CONSTANT_CONVERSION = YES;
				CLANG_WARN_DIRECT_OBJC_ISA_USAGE = YES_ERROR;
				CLANG_WARN_DOCUMENTATION_COMMENTS = YES;
				CLANG_WARN_EMPTY_BODY = YES;
				CLANG_WARN_ENUM_CONVERSION = YES;
				CLANG_WARN_INFINITE_RECURSION = YES;
				CLANG_WARN_INT_CONVERSION = YES;
				CLANG_WARN_NON_LITERAL_NULL_CONVERSION = YES;
				CLANG_WARN_OBJC_LITERAL_CONVERSION = YES;
				CLANG_WARN_OBJC_ROOT_CLASS = YES_ERROR;
				CLANG_WARN_RANGE_LOOP_ANALYSIS = YES;
				CLANG_WARN_STRICT_PROTOTYPES = YES;
				CLANG_WARN_SUSPICIOUS_MOVE = YES;
				CLANG_WARN_UNGUARDED_AVAILABILITY = YES_AGGRESSIVE;
				CLANG_WARN_UNREACHABLE_CODE = YES;
				CLANG_WARN__DUPLICATE_METHOD_MATCH = YES;
				CODE_SIGN_IDENTITY = "iPhone Developer";
				COPY_PHASE_STRIP = NO;
				DEBUG_INFORMATION_FORMAT = "dwarf-with-dsym";
				ENABLE_NS_ASSERTIONS = NO;
				ENABLE_STRICT_OBJC_MSGSEND = YES;
				GCC_C_LANGUAGE_STANDARD = gnu11;
				GCC_NO_COMMON_BLOCKS = YES;
				GCC_WARN_64_TO_32_BIT_CONVERSION = YES;
				GCC_WARN_ABOUT_RETURN_TYPE = YES_ERROR;
				GCC_WARN_UNDECLARED_SELECTOR = YES;
				GCC_WARN_UNINITIALIZED_AUTOS = YES_AGGRESSIVE;
				GCC_WARN_UNUSED_FUNCTION = YES;
				GCC_WARN_UNUSED_VARIABLE = YES;
				IPHONEOS_DEPLOYMENT_TARGET = 11.2;
				MTL_ENABLE_DEBUG_INFO = NO;
				SDKROOT = iphoneos;
				SWIFT_OPTIMIZATION_LEVEL = "-Owholemodule";
				VALIDATE_PRODUCT = YES;
			};
			name = Release;
		};
		5A3DB0DE207C9CDB000C8FF8 /* Debug */ = {
			isa = XCBuildConfiguration;
			baseConfigurationReference = 3785292724AE82A251F447ED /* Pods-CrossyLines.debug.xcconfig */;
			buildSettings = {
				ASSETCATALOG_COMPILER_APPICON_NAME = AppIcon;
				CODE_SIGN_STYLE = Automatic;
				DEVELOPMENT_TEAM = E9MW74DJ4Y;
				INFOPLIST_FILE = CrossyLines/Info.plist;
				IPHONEOS_DEPLOYMENT_TARGET = 9.0;
				LD_RUNPATH_SEARCH_PATHS = "$(inherited) @executable_path/Frameworks";
				PRODUCT_BUNDLE_IDENTIFIER = io.github.sweeper777.CrossyLines;
				PRODUCT_NAME = "$(TARGET_NAME)";
				SWIFT_VERSION = 4.0;
				TARGETED_DEVICE_FAMILY = "1,2";
			};
			name = Debug;
		};
		5A3DB0DF207C9CDB000C8FF8 /* Release */ = {
			isa = XCBuildConfiguration;
			baseConfigurationReference = E9DA178421F557FE91A8574D /* Pods-CrossyLines.release.xcconfig */;
			buildSettings = {
				ASSETCATALOG_COMPILER_APPICON_NAME = AppIcon;
				CODE_SIGN_STYLE = Automatic;
				DEVELOPMENT_TEAM = E9MW74DJ4Y;
				INFOPLIST_FILE = CrossyLines/Info.plist;
				IPHONEOS_DEPLOYMENT_TARGET = 9.0;
				LD_RUNPATH_SEARCH_PATHS = "$(inherited) @executable_path/Frameworks";
				PRODUCT_BUNDLE_IDENTIFIER = io.github.sweeper777.CrossyLines;
				PRODUCT_NAME = "$(TARGET_NAME)";
				SWIFT_VERSION = 4.0;
				TARGETED_DEVICE_FAMILY = "1,2";
			};
			name = Release;
		};
/* End XCBuildConfiguration section */

/* Begin XCConfigurationList section */
		5A3DB0C6207C9CDB000C8FF8 /* Build configuration list for PBXProject "CrossyLines" */ = {
			isa = XCConfigurationList;
			buildConfigurations = (
				5A3DB0DB207C9CDB000C8FF8 /* Debug */,
				5A3DB0DC207C9CDB000C8FF8 /* Release */,
			);
			defaultConfigurationIsVisible = 0;
			defaultConfigurationName = Release;
		};
		5A3DB0DD207C9CDB000C8FF8 /* Build configuration list for PBXNativeTarget "CrossyLines" */ = {
			isa = XCConfigurationList;
			buildConfigurations = (
				5A3DB0DE207C9CDB000C8FF8 /* Debug */,
				5A3DB0DF207C9CDB000C8FF8 /* Release */,
			);
			defaultConfigurationIsVisible = 0;
			defaultConfigurationName = Release;
		};
/* End XCConfigurationList section */
	};
	rootObject = 5A3DB0C3207C9CDB000C8FF8 /* Project object */;
}
